
Microsoft Visual Studio Solution File, Format Version 12.00
# Visual Studio 15
Project("{FAE04EC0-301F-11D3-BF4B-00C04F79EFBC}") = "Assembly-CSharp", "Assembly-CSharp.csproj", "{F079B01F-824A-3EB9-0323-F571AF69C297}"
EndProject
Project("{FAE04EC0-301F-11D3-BF4B-00C04F79EFBC}") = "Assembly-CSharp-Editor", "Assembly-CSharp-Editor.csproj", "{16954061-CF48-34C8-5E53-0BF63504040F}"
EndProject
Global
	GlobalSection(SolutionConfigurationPlatforms) = preSolution
		Debug|Any CPU = Debug|Any CPU
		Release|Any CPU = Release|Any CPU
	EndGlobalSection
	GlobalSection(ProjectConfigurationPlatforms) = postSolution
		{F079B01F-824A-3EB9-0323-F571AF69C297}.Debug|Any CPU.ActiveCfg = Debug|Any CPU
		{F079B01F-824A-3EB9-0323-F571AF69C297}.Debug|Any CPU.Build.0 = Debug|Any CPU
		{F079B01F-824A-3EB9-0323-F571AF69C297}.Release|Any CPU.ActiveCfg = Release|Any CPU
		{F079B01F-824A-3EB9-0323-F571AF69C297}.Release|Any CPU.Build.0 = Release|Any CPU
		{16954061-CF48-34C8-5E53-0BF63504040F}.Debug|Any CPU.ActiveCfg = Debug|Any CPU
		{16954061-CF48-34C8-5E53-0BF63504040F}.Debug|Any CPU.Build.0 = Debug|Any CPU
		{16954061-CF48-34C8-5E53-0BF63504040F}.Release|Any CPU.ActiveCfg = Release|Any CPU
		{16954061-CF48-34C8-5E53-0BF63504040F}.Release|Any CPU.Build.0 = Release|Any CPU
	EndGlobalSection
	GlobalSection(SolutionProperties) = preSolution
		HideSolutionNode = FALSE
	EndGlobalSection
EndGlobal
